
Microsoft Visual Studio Solution File, Format Version 12.00
# Visual Studio Version 17
VisualStudioVersion = 17.2.32630.192
MinimumVisualStudioVersion = 10.0.40219.1
Project("{FAE04EC0-301F-11D3-BF4B-00C04F79EFBC}") = "csvviewer", "csv-viewer\csvviewer.csproj", "{4487F3EA-4971-4DDF-9C41-3C432ED5F359}"
EndProject
Project("{FAE04EC0-301F-11D3-BF4B-00C04F79EFBC}") = "csvviewer.BL", "csvviewer.BL\csvviewer.BL.csproj", "{E3DAB909-30F8-4683-B4DD-A3F010A1D53B}"
EndProject
Project("{FAE04EC0-301F-11D3-BF4B-00C04F79EFBC}") = "csvviewer.BL.Tests", "csvviewer.BL.Tests\csvviewer.BL.Tests.csproj", "{04BFBEFF-D9B4-4051-97AE-303F1591FD78}"
EndProject
Project("{FAE04EC0-301F-11D3-BF4B-00C04F79EFBC}") = "csvviewer.Interfaces", "csvviewer.Interfaces\csvviewer.Interfaces.csproj", "{64A905A8-96E5-4F22-8E85-FF26DE9C05EE}"
EndProject
Project("{FAE04EC0-301F-11D3-BF4B-00C04F79EFBC}") = "csvviewer.Infrastructure", "csvviewer.Infrastructure\csvviewer.Infrastructure.csproj", "{007667FA-A951-4AAC-A651-547EEACE720B}"
EndProject
Global
	GlobalSection(SolutionConfigurationPlatforms) = preSolution
		Debug|Any CPU = Debug|Any CPU
		Release|Any CPU = Release|Any CPU
	EndGlobalSection
	GlobalSection(ProjectConfigurationPlatforms) = postSolution
		{4487F3EA-4971-4DDF-9C41-3C432ED5F359}.Debug|Any CPU.ActiveCfg = Debug|Any CPU
		{4487F3EA-4971-4DDF-9C41-3C432ED5F359}.Debug|Any CPU.Build.0 = Debug|Any CPU
		{4487F3EA-4971-4DDF-9C41-3C432ED5F359}.Release|Any CPU.ActiveCfg = Release|Any CPU
		{4487F3EA-4971-4DDF-9C41-3C432ED5F359}.Release|Any CPU.Build.0 = Release|Any CPU
		{E3DAB909-30F8-4683-B4DD-A3F010A1D53B}.Debug|Any CPU.ActiveCfg = Debug|Any CPU
		{E3DAB909-30F8-4683-B4DD-A3F010A1D53B}.Debug|Any CPU.Build.0 = Debug|Any CPU
		{E3DAB909-30F8-4683-B4DD-A3F010A1D53B}.Release|Any CPU.ActiveCfg = Release|Any CPU
		{E3DAB909-30F8-4683-B4DD-A3F010A1D53B}.Release|Any CPU.Build.0 = Release|Any CPU
		{04BFBEFF-D9B4-4051-97AE-303F1591FD78}.Debug|Any CPU.ActiveCfg = Debug|Any CPU
		{04BFBEFF-D9B4-4051-97AE-303F1591FD78}.Debug|Any CPU.Build.0 = Debug|Any CPU
		{04BFBEFF-D9B4-4051-97AE-303F1591FD78}.Release|Any CPU.ActiveCfg = Release|Any CPU
		{04BFBEFF-D9B4-4051-97AE-303F1591FD78}.Release|Any CPU.Build.0 = Release|Any CPU
		{64A905A8-96E5-4F22-8E85-FF26DE9C05EE}.Debug|Any CPU.ActiveCfg = Debug|Any CPU
		{64A905A8-96E5-4F22-8E85-FF26DE9C05EE}.Debug|Any CPU.Build.0 = Debug|Any CPU
		{64A905A8-96E5-4F22-8E85-FF26DE9C05EE}.Release|Any CPU.ActiveCfg = Release|Any CPU
		{64A905A8-96E5-4F22-8E85-FF26DE9C05EE}.Release|Any CPU.Build.0 = Release|Any CPU
		{007667FA-A951-4AAC-A651-547EEACE720B}.Debug|Any CPU.ActiveCfg = Debug|Any CPU
		{007667FA-A951-4AAC-A651-547EEACE720B}.Debug|Any CPU.Build.0 = Debug|Any CPU
		{007667FA-A951-4AAC-A651-547EEACE720B}.Release|Any CPU.ActiveCfg = Release|Any CPU
		{007667FA-A951-4AAC-A651-547EEACE720B}.Release|Any CPU.Build.0 = Release|Any CPU
	EndGlobalSection
	GlobalSection(SolutionProperties) = preSolution
		HideSolutionNode = FALSE
	EndGlobalSection
	GlobalSection(ExtensibilityGlobals) = postSolution
		SolutionGuid = {773FBABE-3B93-465D-B6F9-CDA217C4A598}
	EndGlobalSection
EndGlobal
