
Microsoft Visual Studio Solution File, Format Version 12.00
# Visual Studio Version 16
VisualStudioVersion = 16.0.30114.105
MinimumVisualStudioVersion = 10.0.40219.1
Project("{FAE04EC0-301F-11D3-BF4B-00C04F79EFBC}") = "ccd-course.Interfaces", "ccd-course.Interfaces\ccd-course.Interfaces.csproj", "{1666555B-E44C-4B34-9A1C-10D0B046A6B6}"
EndProject
Project("{FAE04EC0-301F-11D3-BF4B-00C04F79EFBC}") = "ccd-course.BL", "ccd-course.BL\ccd-course.BL.csproj", "{DF4062EA-2D3F-4F69-8FD6-AB3512C8F334}"
EndProject
Project("{FAE04EC0-301F-11D3-BF4B-00C04F79EFBC}") = "ccd-course.BL.Tests", "ccd-course.BL.Tests\ccd-course.BL.Tests.csproj", "{F026F8B9-FC3F-4983-820E-5B7170A94153}"
EndProject
Project("{FAE04EC0-301F-11D3-BF4B-00C04F79EFBC}") = "ccd-course.Infrastructure", "ccd-course.Infrastructure\ccd-course.Infrastructure.csproj", "{AE270F0D-A282-4D06-A1C7-BB2CE2AEA472}"
EndProject
Global
	GlobalSection(SolutionConfigurationPlatforms) = preSolution
		Debug|Any CPU = Debug|Any CPU
		Release|Any CPU = Release|Any CPU
	EndGlobalSection
	GlobalSection(SolutionProperties) = preSolution
		HideSolutionNode = FALSE
	EndGlobalSection
	GlobalSection(ProjectConfigurationPlatforms) = postSolution
		{1666555B-E44C-4B34-9A1C-10D0B046A6B6}.Debug|Any CPU.ActiveCfg = Debug|Any CPU
		{1666555B-E44C-4B34-9A1C-10D0B046A6B6}.Debug|Any CPU.Build.0 = Debug|Any CPU
		{1666555B-E44C-4B34-9A1C-10D0B046A6B6}.Release|Any CPU.ActiveCfg = Release|Any CPU
		{1666555B-E44C-4B34-9A1C-10D0B046A6B6}.Release|Any CPU.Build.0 = Release|Any CPU
		{DF4062EA-2D3F-4F69-8FD6-AB3512C8F334}.Debug|Any CPU.ActiveCfg = Debug|Any CPU
		{DF4062EA-2D3F-4F69-8FD6-AB3512C8F334}.Debug|Any CPU.Build.0 = Debug|Any CPU
		{DF4062EA-2D3F-4F69-8FD6-AB3512C8F334}.Release|Any CPU.ActiveCfg = Release|Any CPU
		{DF4062EA-2D3F-4F69-8FD6-AB3512C8F334}.Release|Any CPU.Build.0 = Release|Any CPU
		{F026F8B9-FC3F-4983-820E-5B7170A94153}.Debug|Any CPU.ActiveCfg = Debug|Any CPU
		{F026F8B9-FC3F-4983-820E-5B7170A94153}.Debug|Any CPU.Build.0 = Debug|Any CPU
		{F026F8B9-FC3F-4983-820E-5B7170A94153}.Release|Any CPU.ActiveCfg = Release|Any CPU
		{F026F8B9-FC3F-4983-820E-5B7170A94153}.Release|Any CPU.Build.0 = Release|Any CPU
		{AE270F0D-A282-4D06-A1C7-BB2CE2AEA472}.Debug|Any CPU.ActiveCfg = Debug|Any CPU
		{AE270F0D-A282-4D06-A1C7-BB2CE2AEA472}.Debug|Any CPU.Build.0 = Debug|Any CPU
		{AE270F0D-A282-4D06-A1C7-BB2CE2AEA472}.Release|Any CPU.ActiveCfg = Release|Any CPU
		{AE270F0D-A282-4D06-A1C7-BB2CE2AEA472}.Release|Any CPU.Build.0 = Release|Any CPU
	EndGlobalSection
EndGlobal
